
Microsoft Visual Studio Solution File, Format Version 12.00
# Visual Studio Version 16
VisualStudioVersion = 16.0.33529.622
MinimumVisualStudioVersion = 10.0.40219.1
Project("{FAE04EC0-301F-11D3-BF4B-00C04F79EFBC}") = "OnBreak.BC", "OnBreak.BC\OnBreak.BC.csproj", "{97C7CDFA-6053-4F17-BF4E-41A8C3720A2C}"
EndProject
Project("{FAE04EC0-301F-11D3-BF4B-00C04F79EFBC}") = "OnBreakWPF", "OnBreakWPF\OnBreakWPF.csproj", "{F3023AC1-4AD7-476E-BDED-421E7E46EB09}"
EndProject
Project("{FAE04EC0-301F-11D3-BF4B-00C04F79EFBC}") = "OnBreak.DB", "OnBreak.DB\OnBreak.DB.csproj", "{27F3B36E-4F66-42AF-93A2-39FF26234B8C}"
EndProject
Project("{FAE04EC0-301F-11D3-BF4B-00C04F79EFBC}") = "OnBreakWeb", "OnBreakWeb\OnBreakWeb.csproj", "{4CC5CA9A-29AE-4975-AB9E-FAABB3F6E6B7}"
EndProject
Global
	GlobalSection(SolutionConfigurationPlatforms) = preSolution
		Debug|Any CPU = Debug|Any CPU
		Release|Any CPU = Release|Any CPU
	EndGlobalSection
	GlobalSection(ProjectConfigurationPlatforms) = postSolution
		{97C7CDFA-6053-4F17-BF4E-41A8C3720A2C}.Debug|Any CPU.ActiveCfg = Debug|Any CPU
		{97C7CDFA-6053-4F17-BF4E-41A8C3720A2C}.Debug|Any CPU.Build.0 = Debug|Any CPU
		{97C7CDFA-6053-4F17-BF4E-41A8C3720A2C}.Release|Any CPU.ActiveCfg = Release|Any CPU
		{97C7CDFA-6053-4F17-BF4E-41A8C3720A2C}.Release|Any CPU.Build.0 = Release|Any CPU
		{F3023AC1-4AD7-476E-BDED-421E7E46EB09}.Debug|Any CPU.ActiveCfg = Debug|Any CPU
		{F3023AC1-4AD7-476E-BDED-421E7E46EB09}.Debug|Any CPU.Build.0 = Debug|Any CPU
		{F3023AC1-4AD7-476E-BDED-421E7E46EB09}.Release|Any CPU.ActiveCfg = Release|Any CPU
		{F3023AC1-4AD7-476E-BDED-421E7E46EB09}.Release|Any CPU.Build.0 = Release|Any CPU
		{27F3B36E-4F66-42AF-93A2-39FF26234B8C}.Debug|Any CPU.ActiveCfg = Debug|Any CPU
		{27F3B36E-4F66-42AF-93A2-39FF26234B8C}.Debug|Any CPU.Build.0 = Debug|Any CPU
		{27F3B36E-4F66-42AF-93A2-39FF26234B8C}.Release|Any CPU.ActiveCfg = Release|Any CPU
		{27F3B36E-4F66-42AF-93A2-39FF26234B8C}.Release|Any CPU.Build.0 = Release|Any CPU
		{4CC5CA9A-29AE-4975-AB9E-FAABB3F6E6B7}.Debug|Any CPU.ActiveCfg = Debug|Any CPU
		{4CC5CA9A-29AE-4975-AB9E-FAABB3F6E6B7}.Debug|Any CPU.Build.0 = Debug|Any CPU
		{4CC5CA9A-29AE-4975-AB9E-FAABB3F6E6B7}.Release|Any CPU.ActiveCfg = Release|Any CPU
		{4CC5CA9A-29AE-4975-AB9E-FAABB3F6E6B7}.Release|Any CPU.Build.0 = Release|Any CPU
	EndGlobalSection
	GlobalSection(SolutionProperties) = preSolution
		HideSolutionNode = FALSE
	EndGlobalSection
	GlobalSection(ExtensibilityGlobals) = postSolution
		SolutionGuid = {D8CA0E3A-6CA5-4CA3-93AA-EE3A4DEEA108}
	EndGlobalSection
EndGlobal
